
Microsoft Visual Studio Solution File, Format Version 12.00
# Visual Studio 15
VisualStudioVersion = 15.0.26730.16
MinimumVisualStudioVersion = 10.0.40219.1
Project("{2150E333-8FDC-42A3-9474-1A3956D46DE8}") = "Other", "Other", "{A45DE873-394D-411A-B56F-DBF95B8CBEE4}"
	ProjectSection(SolutionItems) = preProject
		LICENSE.md = LICENSE.md
		README.md = README.md
	EndProjectSection
EndProject
Project("{9A19103F-16F7-4668-BE54-9A1E7A4F7556}") = "UAParser.FormFactor", "UAParser.FormFactor\UAParser.FormFactor.csproj", "{E4AA0437-E276-4D4C-B131-D720B76F648E}"
EndProject
Project("{9A19103F-16F7-4668-BE54-9A1E7A4F7556}") = "UAParser.FormFactor.Tests", "UAParser.FormFactor.Tests\UAParser.FormFactor.Tests.csproj", "{6DD717D0-3E82-4FD9-88A8-3BDEA8E02DA4}"
EndProject
Project("{2150E333-8FDC-42A3-9474-1A3956D46DE8}") = "Build", "Build", "{A18B149D-9CD1-4046-8FA8-6621155C09D9}"
	ProjectSection(SolutionItems) = preProject
		appveyor.yml = appveyor.yml
	EndProjectSection
EndProject
Global
	GlobalSection(SolutionConfigurationPlatforms) = preSolution
		Debug|Any CPU = Debug|Any CPU
		Release|Any CPU = Release|Any CPU
	EndGlobalSection
	GlobalSection(ProjectConfigurationPlatforms) = postSolution
		{E4AA0437-E276-4D4C-B131-D720B76F648E}.Debug|Any CPU.ActiveCfg = Debug|Any CPU
		{E4AA0437-E276-4D4C-B131-D720B76F648E}.Debug|Any CPU.Build.0 = Debug|Any CPU
		{E4AA0437-E276-4D4C-B131-D720B76F648E}.Release|Any CPU.ActiveCfg = Release|Any CPU
		{E4AA0437-E276-4D4C-B131-D720B76F648E}.Release|Any CPU.Build.0 = Release|Any CPU
		{6DD717D0-3E82-4FD9-88A8-3BDEA8E02DA4}.Debug|Any CPU.ActiveCfg = Debug|Any CPU
		{6DD717D0-3E82-4FD9-88A8-3BDEA8E02DA4}.Debug|Any CPU.Build.0 = Debug|Any CPU
		{6DD717D0-3E82-4FD9-88A8-3BDEA8E02DA4}.Release|Any CPU.ActiveCfg = Release|Any CPU
		{6DD717D0-3E82-4FD9-88A8-3BDEA8E02DA4}.Release|Any CPU.Build.0 = Release|Any CPU
	EndGlobalSection
	GlobalSection(SolutionProperties) = preSolution
		HideSolutionNode = FALSE
	EndGlobalSection
	GlobalSection(ExtensibilityGlobals) = postSolution
		SolutionGuid = {67A261FB-9028-4778-9DEA-03B8E92DFF52}
	EndGlobalSection
EndGlobal
